Microsoft Visual Studio Solution File, Format Version 12.00
# Visual Studio Version 17
VisualStudioVersion = 17.0.31903.59
MinimumVisualStudioVersion = 10.0.40219.1
Project("{FAE04EC0-301F-11D3-BF4B-00C04F79EFBC}") = "Wfx.Core", "src\Wfx.Core\Wfx.Core.csproj", "{0D5F7B40-59AB-44BB-AF7C-832541A96551}"
EndProject
Project("{FAE04EC0-301F-11D3-BF4B-00C04F79EFBC}") = "Wfx.PowerShell", "src\Wfx.PowerShell\Wfx.PowerShell.csproj", "{72796D89-8856-40E5-B636-9112648552B1}"
EndProject
Project("{FAE04EC0-301F-11D3-BF4B-00C04F79EFBC}") = "Wfx.Providers", "src\Wfx.Providers\Wfx.Providers.csproj", "{ED8B1281-E99C-40AE-8614-EA069DE39DD3}"
EndProject
Project("{FAE04EC0-301F-11D3-BF4B-00C04F79EFBC}") = "Wfx.Tools", "src\Wfx.Tools\Wfx.Tools.csproj", "{D03DE71C-8250-479D-8838-014F1B5DBEA3}"
EndProject
Project("{FAE04EC0-301F-11D3-BF4B-00C04F79EFBC}") = "Wfx.Cli", "src\Wfx.Cli\Wfx.Cli.csproj", "{56A234E2-B2FC-4883-A37E-84F606883EA9}"
EndProject
Project("{FAE04EC0-301F-11D3-BF4B-00C04F79EFBC}") = "Wfx.Core.Tests", "tests\Wfx.Core.Tests\Wfx.Core.Tests.csproj", "{A37B1179-84D3-4178-AB72-0F202CD1FC60}"
EndProject
Project("{FAE04EC0-301F-11D3-BF4B-00C04F79EFBC}") = "Wfx.PowerShell.Tests", "tests\Wfx.PowerShell.Tests\Wfx.PowerShell.Tests.csproj", "{8853518F-E433-40EE-A38A-46EC2149E90E}"
EndProject
Project("{FAE04EC0-301F-11D3-BF4B-00C04F79EFBC}") = "Wfx.Providers.Tests", "tests\Wfx.Providers.Tests\Wfx.Providers.Tests.csproj", "{DB78BC3D-D765-402D-AE3B-B855FA6FA791}"
EndProject
Project("{FAE04EC0-301F-11D3-BF4B-00C04F79EFBC}") = "Wfx.Tools.Tests", "tests\Wfx.Tools.Tests\Wfx.Tools.Tests.csproj", "{85A3E818-9A08-4D8A-B2EF-606C6DB9473C}"
EndProject
Project("{FAE04EC0-301F-11D3-BF4B-00C04F79EFBC}") = "Wfx.Cli.Tests", "tests\Wfx.Cli.Tests\Wfx.Cli.Tests.csproj", "{A60703B7-FBF0-47D3-989E-B9F0F8A665E7}"
EndProject
Project("{FAE04EC0-301F-11D3-BF4B-00C04F79EFBC}") = "Wfx.Mcp", "src\Wfx.Mcp\Wfx.Mcp.csproj", "{728B2C76-1B5A-4563-B6FF-01B3930FCF2B}"
EndProject
Project("{FAE04EC0-301F-11D3-BF4B-00C04F79EFBC}") = "Wfx.Mcp.Tests", "tests\Wfx.Mcp.Tests\Wfx.Mcp.Tests.csproj", "{73D2D97E-CEA4-411B-A48B-5140F349556F}"
EndProject
Global
	GlobalSection(SolutionConfigurationPlatforms) = preSolution
		Debug|Any CPU = Debug|Any CPU
		Release|Any CPU = Release|Any CPU
	EndGlobalSection
	GlobalSection(ProjectConfigurationPlatforms) = postSolution
		{0D5F7B40-59AB-44BB-AF7C-832541A96551}.Debug|Any CPU.ActiveCfg = Debug|Any CPU
		{0D5F7B40-59AB-44BB-AF7C-832541A96551}.Debug|Any CPU.Build.0 = Debug|Any CPU
		{0D5F7B40-59AB-44BB-AF7C-832541A96551}.Release|Any CPU.ActiveCfg = Release|Any CPU
		{0D5F7B40-59AB-44BB-AF7C-832541A96551}.Release|Any CPU.Build.0 = Release|Any CPU
		{72796D89-8856-40E5-B636-9112648552B1}.Debug|Any CPU.ActiveCfg = Debug|Any CPU
		{72796D89-8856-40E5-B636-9112648552B1}.Debug|Any CPU.Build.0 = Debug|Any CPU
		{72796D89-8856-40E5-B636-9112648552B1}.Release|Any CPU.ActiveCfg = Release|Any CPU
		{72796D89-8856-40E5-B636-9112648552B1}.Release|Any CPU.Build.0 = Release|Any CPU
		{ED8B1281-E99C-40AE-8614-EA069DE39DD3}.Debug|Any CPU.ActiveCfg = Debug|Any CPU
		{ED8B1281-E99C-40AE-8614-EA069DE39DD3}.Debug|Any CPU.Build.0 = Debug|Any CPU
		{ED8B1281-E99C-40AE-8614-EA069DE39DD3}.Release|Any CPU.ActiveCfg = Release|Any CPU
		{ED8B1281-E99C-40AE-8614-EA069DE39DD3}.Release|Any CPU.Build.0 = Release|Any CPU
		{D03DE71C-8250-479D-8838-014F1B5DBEA3}.Debug|Any CPU.ActiveCfg = Debug|Any CPU
		{D03DE71C-8250-479D-8838-014F1B5DBEA3}.Debug|Any CPU.Build.0 = Debug|Any CPU
		{D03DE71C-8250-479D-8838-014F1B5DBEA3}.Release|Any CPU.ActiveCfg = Release|Any CPU
		{D03DE71C-8250-479D-8838-014F1B5DBEA3}.Release|Any CPU.Build.0 = Release|Any CPU
		{56A234E2-B2FC-4883-A37E-84F606883EA9}.Debug|Any CPU.ActiveCfg = Debug|Any CPU
		{56A234E2-B2FC-4883-A37E-84F606883EA9}.Debug|Any CPU.Build.0 = Debug|Any CPU
		{56A234E2-B2FC-4883-A37E-84F606883EA9}.Release|Any CPU.ActiveCfg = Release|Any CPU
		{56A234E2-B2FC-4883-A37E-84F606883EA9}.Release|Any CPU.Build.0 = Release|Any CPU
		{A37B1179-84D3-4178-AB72-0F202CD1FC60}.Debug|Any CPU.ActiveCfg = Debug|Any CPU
		{A37B1179-84D3-4178-AB72-0F202CD1FC60}.Debug|Any CPU.Build.0 = Debug|Any CPU
		{A37B1179-84D3-4178-AB72-0F202CD1FC60}.Release|Any CPU.ActiveCfg = Release|Any CPU
		{A37B1179-84D3-4178-AB72-0F202CD1FC60}.Release|Any CPU.Build.0 = Release|Any CPU
		{8853518F-E433-40EE-A38A-46EC2149E90E}.Debug|Any CPU.ActiveCfg = Debug|Any CPU
		{8853518F-E433-40EE-A38A-46EC2149E90E}.Debug|Any CPU.Build.0 = Debug|Any CPU
		{8853518F-E433-40EE-A38A-46EC2149E90E}.Release|Any CPU.ActiveCfg = Release|Any CPU
		{8853518F-E433-40EE-A38A-46EC2149E90E}.Release|Any CPU.Build.0 = Release|Any CPU
		{DB78BC3D-D765-402D-AE3B-B855FA6FA791}.Debug|Any CPU.ActiveCfg = Debug|Any CPU
		{DB78BC3D-D765-402D-AE3B-B855FA6FA791}.Debug|Any CPU.Build.0 = Debug|Any CPU
		{DB78BC3D-D765-402D-AE3B-B855FA6FA791}.Release|Any CPU.ActiveCfg = Release|Any CPU
		{DB78BC3D-D765-402D-AE3B-B855FA6FA791}.Release|Any CPU.Build.0 = Release|Any CPU
		{85A3E818-9A08-4D8A-B2EF-606C6DB9473C}.Debug|Any CPU.ActiveCfg = Debug|Any CPU
		{85A3E818-9A08-4D8A-B2EF-606C6DB9473C}.Debug|Any CPU.Build.0 = Debug|Any CPU
		{85A3E818-9A08-4D8A-B2EF-606C6DB9473C}.Release|Any CPU.ActiveCfg = Release|Any CPU
		{85A3E818-9A08-4D8A-B2EF-606C6DB9473C}.Release|Any CPU.Build.0 = Release|Any CPU
		{A60703B7-FBF0-47D3-989E-B9F0F8A665E7}.Debug|Any CPU.ActiveCfg = Debug|Any CPU
		{A60703B7-FBF0-47D3-989E-B9F0F8A665E7}.Debug|Any CPU.Build.0 = Debug|Any CPU
		{A60703B7-FBF0-47D3-989E-B9F0F8A665E7}.Release|Any CPU.ActiveCfg = Release|Any CPU
		{A60703B7-FBF0-47D3-989E-B9F0F8A665E7}.Release|Any CPU.Build.0 = Release|Any CPU
		{728B2C76-1B5A-4563-B6FF-01B3930FCF2B}.Debug|Any CPU.ActiveCfg = Debug|Any CPU
		{728B2C76-1B5A-4563-B6FF-01B3930FCF2B}.Debug|Any CPU.Build.0 = Debug|Any CPU
		{728B2C76-1B5A-4563-B6FF-01B3930FCF2B}.Release|Any CPU.ActiveCfg = Release|Any CPU
		{728B2C76-1B5A-4563-B6FF-01B3930FCF2B}.Release|Any CPU.Build.0 = Release|Any CPU
		{73D2D97E-CEA4-411B-A48B-5140F349556F}.Debug|Any CPU.ActiveCfg = Debug|Any CPU
		{73D2D97E-CEA4-411B-A48B-5140F349556F}.Debug|Any CPU.Build.0 = Debug|Any CPU
		{73D2D97E-CEA4-411B-A48B-5140F349556F}.Release|Any CPU.ActiveCfg = Release|Any CPU
		{73D2D97E-CEA4-411B-A48B-5140F349556F}.Release|Any CPU.Build.0 = Release|Any CPU
	EndGlobalSection
EndGlobal
